
Microsoft Visual Studio Solution File, Format Version 12.00
# Visual Studio Version 17
VisualStudioVersion = 17.13.35825.156 d17.13
MinimumVisualStudioVersion = 10.0.40219.1
Project("{FAE04EC0-301F-11D3-BF4B-00C04F79EFBC}") = "ExpenseRecord", "ExpenseRecord.csproj", "{80C4B9D6-606F-471F-B0E0-DE9D77518C3D}"
EndProject
Global
	GlobalSection(SolutionConfigurationPlatforms) = preSolution
		Debug|Any CPU = Debug|Any CPU
		Release|Any CPU = Release|Any CPU
	EndGlobalSection
	GlobalSection(ProjectConfigurationPlatforms) = postSolution
		{80C4B9D6-606F-471F-B0E0-DE9D77518C3D}.Debug|Any CPU.ActiveCfg = Debug|Any CPU
		{80C4B9D6-606F-471F-B0E0-DE9D77518C3D}.Debug|Any CPU.Build.0 = Debug|Any CPU
		{80C4B9D6-606F-471F-B0E0-DE9D77518C3D}.Release|Any CPU.ActiveCfg = Release|Any CPU
		{80C4B9D6-606F-471F-B0E0-DE9D77518C3D}.Release|Any CPU.Build.0 = Release|Any CPU
	EndGlobalSection
	GlobalSection(SolutionProperties) = preSolution
		HideSolutionNode = FALSE
	EndGlobalSection
	GlobalSection(ExtensibilityGlobals) = postSolution
		SolutionGuid = {E6AA65E7-59DF-4684-B238-89756480E342}
	EndGlobalSection
EndGlobal
